
Microsoft Visual Studio Solution File, Format Version 12.00
# Visual Studio 2017
Project("{FAE04EC0-301F-11D3-BF4B-00C04F79EFBC}") = "A00511140_Game01", "A00511140_Game01.csproj", "{8959980A-D730-3914-13B8-83C424A1ACD4}"
EndProject
Global
	GlobalSection(SolutionConfigurationPlatforms) = preSolution
		Debug|Any CPU = Debug|Any CPU
		Release|Any CPU = Release|Any CPU
	EndGlobalSection
	GlobalSection(ProjectConfigurationPlatforms) = postSolution
		{8959980A-D730-3914-13B8-83C424A1ACD4}.Debug|Any CPU.ActiveCfg = Debug|Any CPU
		{8959980A-D730-3914-13B8-83C424A1ACD4}.Debug|Any CPU.Build.0 = Debug|Any CPU
		{8959980A-D730-3914-13B8-83C424A1ACD4}.Release|Any CPU.ActiveCfg = Release|Any CPU
		{8959980A-D730-3914-13B8-83C424A1ACD4}.Release|Any CPU.Build.0 = Release|Any CPU
	EndGlobalSection
	GlobalSection(SolutionProperties) = preSolution
		HideSolutionNode = FALSE
	EndGlobalSection
EndGlobal
